
Microsoft Visual Studio Solution File, Format Version 12.00
# Visual Studio 15
VisualStudioVersion = 15.0.28307.329
MinimumVisualStudioVersion = 10.0.40219.1
Project("{FAE04EC0-301F-11D3-BF4B-00C04F79EFBC}") = "ArrayMvcApp", "ArrayMvcApp\ArrayMvcApp.csproj", "{9E727A49-9868-4C0F-BCD3-FC4586D7F6DB}"
EndProject
Global
	GlobalSection(SolutionConfigurationPlatforms) = preSolution
		Debug|Any CPU = Debug|Any CPU
		Release|Any CPU = Release|Any CPU
	EndGlobalSection
	GlobalSection(ProjectConfigurationPlatforms) = postSolution
		{9E727A49-9868-4C0F-BCD3-FC4586D7F6DB}.Debug|Any CPU.ActiveCfg = Debug|Any CPU
		{9E727A49-9868-4C0F-BCD3-FC4586D7F6DB}.Debug|Any CPU.Build.0 = Debug|Any CPU
		{9E727A49-9868-4C0F-BCD3-FC4586D7F6DB}.Release|Any CPU.ActiveCfg = Release|Any CPU
		{9E727A49-9868-4C0F-BCD3-FC4586D7F6DB}.Release|Any CPU.Build.0 = Release|Any CPU
	EndGlobalSection
	GlobalSection(SolutionProperties) = preSolution
		HideSolutionNode = FALSE
	EndGlobalSection
	GlobalSection(ExtensibilityGlobals) = postSolution
		SolutionGuid = {B53E628A-E602-4ECB-B9F5-4F2C11F61E8E}
	EndGlobalSection
EndGlobal
