
Microsoft Visual Studio Solution File, Format Version 12.00
# Visual Studio 15
VisualStudioVersion = 15.0.28307.329
MinimumVisualStudioVersion = 10.0.40219.1
Project("{FAE04EC0-301F-11D3-BF4B-00C04F79EFBC}") = "ManyToMany", "ManyToMany\ManyToMany.csproj", "{3FD7C363-0E1A-4081-8EAB-2CDF5B58D336}"
EndProject
Global
	GlobalSection(SolutionConfigurationPlatforms) = preSolution
		Debug|Any CPU = Debug|Any CPU
		Release|Any CPU = Release|Any CPU
	EndGlobalSection
	GlobalSection(ProjectConfigurationPlatforms) = postSolution
		{3FD7C363-0E1A-4081-8EAB-2CDF5B58D336}.Debug|Any CPU.ActiveCfg = Debug|Any CPU
		{3FD7C363-0E1A-4081-8EAB-2CDF5B58D336}.Debug|Any CPU.Build.0 = Debug|Any CPU
		{3FD7C363-0E1A-4081-8EAB-2CDF5B58D336}.Release|Any CPU.ActiveCfg = Release|Any CPU
		{3FD7C363-0E1A-4081-8EAB-2CDF5B58D336}.Release|Any CPU.Build.0 = Release|Any CPU
	EndGlobalSection
	GlobalSection(SolutionProperties) = preSolution
		HideSolutionNode = FALSE
	EndGlobalSection
	GlobalSection(ExtensibilityGlobals) = postSolution
		SolutionGuid = {C9878F07-A1EE-4D76-864F-4FEC16D991ED}
	EndGlobalSection
EndGlobal
